<?xml version="1.0" encoding="utf-8"?>
<Project ToolsVersion="4.0" xmlns="http://schemas.microsoft.com/developer/msbuild/2003">
  <ItemGroup>
    <Filter Include="Source Files">
      <UniqueIdentifier>{4FC737F1-C7A5-4376-A066-2A32D752A2FF}</UniqueIdentifier>
      <Extensions>cpp;c;cc;cxx;c++;cppm;ixx;def;odl;idl;hpj;bat;asm;asmx</Extensions>
    </Filter>
    <Filter Include="Header Files">
      <UniqueIdentifier>{93995380-89BD-4b04-88EB-625FBE52EBFB}</UniqueIdentifier>
      <Extensions>h;hh;hpp;hxx;h++;hm;inl;inc;ipp;xsd</Extensions>
    </Filter>
    <Filter Include="Resource Files">
      <UniqueIdentifier>{67DA6AB6-F800-4c08-8B7A-83BB121AAD01}</UniqueIdentifier>
      <Extensions>rc;ico;cur;bmp;dlg;rc2;rct;bin;rgs;gif;jpg;jpeg;jpe;resx;tiff;tif;png;wav;mfcribbon-ms</Extensions>
    </Filter>
    <Filter Include="Header Files\dann5">
      <UniqueIdentifier>{be8d0d20-ca5c-492a-b3e6-d0b74ec241f3}</UniqueIdentifier>
    </Filter>
    <Filter Include="Header Files\dann5\ocean">
      <UniqueIdentifier>{a37bde3a-ce16-4c0e-a2ea-b9b62f2577d6}</UniqueIdentifier>
    </Filter>
    <Filter Include="Source Files\dann5">
      <UniqueIdentifier>{98287db6-3f88-4859-b172-38719db60a0b}</UniqueIdentifier>
    </Filter>
    <Filter Include="Source Files\dann5\ocean">
      <UniqueIdentifier>{85711334-d880-4c94-9a17-28057a141619}</UniqueIdentifier>
    </Filter>
  </ItemGroup>
  <ItemGroup>
    <ClInclude Include="framework.h">
      <Filter>Header Files</Filter>
    </ClInclude>
    <ClInclude Include="pch.h">
      <Filter>Header Files</Filter>
    </ClInclude>
    <ClInclude Include="..\dann5\include\Factory.h">
      <Filter>Header Files\dann5</Filter>
    </ClInclude>
    <ClInclude Include="..\dann5\include\Logger.h">
      <Filter>Header Files\dann5</Filter>
    </ClInclude>
    <ClInclude Include="..\dann5\include\Utility.h">
      <Filter>Header Files\dann5</Filter>
    </ClInclude>
    <ClInclude Include="..\dann5\ocean\include\Qadd.h">
      <Filter>Header Files\dann5\ocean</Filter>
    </ClInclude>
    <ClInclude Include="..\dann5\ocean\include\Qassign.h">
      <Filter>Header Files\dann5\ocean</Filter>
    </ClInclude>
    <ClInclude Include="..\dann5\ocean\include\Qbin.h">
      <Filter>Header Files\dann5\ocean</Filter>
    </ClInclude>
    <ClInclude Include="..\dann5\ocean\include\Qbit.h">
      <Filter>Header Files\dann5\ocean</Filter>
    </ClInclude>
    <ClInclude Include="..\dann5\ocean\include\Qbool.h">
      <Filter>Header Files\dann5\ocean</Filter>
    </ClInclude>
    <ClInclude Include="..\dann5\ocean\include\Qcell.h">
      <Filter>Header Files\dann5\ocean</Filter>
    </ClInclude>
    <ClInclude Include="..\dann5\ocean\include\QcellOps.h">
      <Filter>Header Files\dann5\ocean</Filter>
    </ClInclude>
    <ClInclude Include="..\dann5\ocean\include\Qdef.h">
      <Filter>Header Files\dann5\ocean</Filter>
    </ClInclude>
    <ClInclude Include="..\dann5\ocean\include\Qexpr.h">
      <Filter>Header Files\dann5\ocean</Filter>
    </ClInclude>
    <ClInclude Include="..\dann5\ocean\include\Qint.h">
      <Filter>Header Files\dann5\ocean</Filter>
    </ClInclude>
    <ClInclude Include="..\dann5\ocean\include\Qmultiply.h">
      <Filter>Header Files\dann5\ocean</Filter>
    </ClInclude>
    <ClInclude Include="..\dann5\ocean\include\Qnary.h">
      <Filter>Header Files\dann5\ocean</Filter>
    </ClInclude>
    <ClInclude Include="..\dann5\ocean\include\QnaryOp.h">
      <Filter>Header Files\dann5\ocean</Filter>
    </ClInclude>
    <ClInclude Include="..\dann5\ocean\include\Qop.h">
      <Filter>Header Files\dann5\ocean</Filter>
    </ClInclude>
    <ClInclude Include="..\dann5\ocean\include\Qsolver.h">
      <Filter>Header Files\dann5\ocean</Filter>
    </ClInclude>
    <ClInclude Include="..\dann5\ocean\include\Qtype.h">
      <Filter>Header Files\dann5\ocean</Filter>
    </ClInclude>
    <ClInclude Include="..\dann5\ocean\include\Qubo.h">
      <Filter>Header Files\dann5\ocean</Filter>
    </ClInclude>
    <ClInclude Include="..\dann5\ocean\include\Qwhole.h">
      <Filter>Header Files\dann5\ocean</Filter>
    </ClInclude>
    <ClInclude Include="..\dann5\ocean\include\Qbinder.h">
      <Filter>Header Files\dann5\ocean</Filter>
    </ClInclude>
    <ClInclude Include="..\dann5\ocean\include\Qblock.h">
      <Filter>Header Files\dann5\ocean</Filter>
    </ClInclude>
    <ClInclude Include="..\dann5\ocean\include\Qroutine.h">
      <Filter>Header Files\dann5\ocean</Filter>
    </ClInclude>
    <ClInclude Include="..\dann5\ocean\include\Qstatement.h">
      <Filter>Header Files\dann5\ocean</Filter>
    </ClInclude>
    <ClInclude Include="..\dann5\ocean\include\QderivedOps.h">
      <Filter>Header Files\dann5\ocean</Filter>
    </ClInclude>
    <ClInclude Include="..\dann5\include\ULint.h">
      <Filter>Header Files\dann5</Filter>
    </ClInclude>
  </ItemGroup>
  <ItemGroup>
    <ClCompile Include="dllmain.cpp">
      <Filter>Source Files</Filter>
    </ClCompile>
    <ClCompile Include="pch.cpp">
      <Filter>Source Files</Filter>
    </ClCompile>
    <ClCompile Include="..\dann5\source\Logger.cpp">
      <Filter>Source Files\dann5</Filter>
    </ClCompile>
    <ClCompile Include="..\dann5\ocean\source\Global.cpp">
      <Filter>Source Files\dann5\ocean</Filter>
    </ClCompile>
    <ClCompile Include="..\dann5\ocean\source\Qadd.cpp">
      <Filter>Source Files\dann5\ocean</Filter>
    </ClCompile>
    <ClCompile Include="..\dann5\ocean\source\Qassign.cpp">
      <Filter>Source Files\dann5\ocean</Filter>
    </ClCompile>
    <ClCompile Include="..\dann5\ocean\source\Qbin.cpp">
      <Filter>Source Files\dann5\ocean</Filter>
    </ClCompile>
    <ClCompile Include="..\dann5\ocean\source\Qbit.cpp">
      <Filter>Source Files\dann5\ocean</Filter>
    </ClCompile>
    <ClCompile Include="..\dann5\ocean\source\Qbool.cpp">
      <Filter>Source Files\dann5\ocean</Filter>
    </ClCompile>
    <ClCompile Include="..\dann5\ocean\source\Qcell.cpp">
      <Filter>Source Files\dann5\ocean</Filter>
    </ClCompile>
    <ClCompile Include="..\dann5\ocean\source\QcellOps.cpp">
      <Filter>Source Files\dann5\ocean</Filter>
    </ClCompile>
    <ClCompile Include="..\dann5\ocean\source\Qexpr.cpp">
      <Filter>Source Files\dann5\ocean</Filter>
    </ClCompile>
    <ClCompile Include="..\dann5\ocean\source\Qint.cpp">
      <Filter>Source Files\dann5\ocean</Filter>
    </ClCompile>
    <ClCompile Include="..\dann5\ocean\source\Qmultiply.cpp">
      <Filter>Source Files\dann5\ocean</Filter>
    </ClCompile>
    <ClCompile Include="..\dann5\ocean\source\Qnary.cpp">
      <Filter>Source Files\dann5\ocean</Filter>
    </ClCompile>
    <ClCompile Include="..\dann5\ocean\source\QnaryOp.cpp">
      <Filter>Source Files\dann5\ocean</Filter>
    </ClCompile>
    <ClCompile Include="..\dann5\ocean\source\Qop.cpp">
      <Filter>Source Files\dann5\ocean</Filter>
    </ClCompile>
    <ClCompile Include="..\dann5\ocean\source\Qsolver.cpp">
      <Filter>Source Files\dann5\ocean</Filter>
    </ClCompile>
    <ClCompile Include="..\dann5\ocean\source\Qubo.cpp">
      <Filter>Source Files\dann5\ocean</Filter>
    </ClCompile>
    <ClCompile Include="..\dann5\ocean\source\Qwhole.cpp">
      <Filter>Source Files\dann5\ocean</Filter>
    </ClCompile>
    <ClCompile Include="..\dann5\ocean\source\Qbinder.cpp">
      <Filter>Source Files\dann5\ocean</Filter>
    </ClCompile>
    <ClCompile Include="..\dann5\ocean\source\Qblock.cpp">
      <Filter>Source Files\dann5\ocean</Filter>
    </ClCompile>
    <ClCompile Include="..\dann5\ocean\source\Qroutine.cpp">
      <Filter>Source Files\dann5\ocean</Filter>
    </ClCompile>
    <ClCompile Include="..\dann5\ocean\source\Qstatement.cpp">
      <Filter>Source Files\dann5\ocean</Filter>
    </ClCompile>
    <ClCompile Include="..\dann5\ocean\source\QderivedOps.cpp">
      <Filter>Source Files\dann5\ocean</Filter>
    </ClCompile>
    <ClCompile Include="..\dann5\source\ULint.cpp">
      <Filter>Source Files\dann5</Filter>
    </ClCompile>
  </ItemGroup>
</Project>