// !$*UTF8*$!
{
	archiveVersion = 1;
	classes = {
	};
	objectVersion = 55;
	objects = {

/* Begin PBXBuildFile section */
		A2044A592B10002700D7FDB0 /* QlogicCompiler.cpp in Sources */ = {isa = PBXBuildFile; fileRef = A2044A572B10002700D7FDB0 /* QlogicCompiler.cpp */; };
		A204977529494F1700F96DA4 /* UTestQbit.cpp in Sources */ = {isa = PBXBuildFile; fileRef = A204977429494F1700F96DA4 /* UTestQbit.cpp */; };
		A218D4AC29DFA6BA0028F469 /* ULint.cpp in Sources */ = {isa = PBXBuildFile; fileRef = A218D4AB29DFA6BA0028F469 /* ULint.cpp */; };
		A220A7C42B1A62A800F9F545 /* Qfunc.cpp in Sources */ = {isa = PBXBuildFile; fileRef = A220A7C22B1A62A700F9F545 /* Qfunc.cpp */; };
		A24FBD8C28C6D72F00E83138 /* d5o_ta.cpp in Sources */ = {isa = PBXBuildFile; fileRef = A24FBD8B28C6D72F00E83138 /* d5o_ta.cpp */; };
		A260C09F2B0D220900B46F43 /* QnaryOps.cpp in Sources */ = {isa = PBXBuildFile; fileRef = A260C09E2B0D220900B46F43 /* QnaryOps.cpp */; };
		A282C3002AC7718A00AA4B98 /* UTestULint.cpp in Sources */ = {isa = PBXBuildFile; fileRef = A282C2FE2AC7718A00AA4B98 /* UTestULint.cpp */; };
		A282C3052AC7742700AA4B98 /* PNGen.cpp in Sources */ = {isa = PBXBuildFile; fileRef = A282C3012AC7742600AA4B98 /* PNGen.cpp */; };
		A282C3062AC7742700AA4B98 /* UTestQwhole.cpp in Sources */ = {isa = PBXBuildFile; fileRef = A282C3022AC7742600AA4B98 /* UTestQwhole.cpp */; };
		A2A39AB12B0425DB00BAFFEF /* QuboCompiler.cpp in Sources */ = {isa = PBXBuildFile; fileRef = A2A39AAE2B0425DB00BAFFEF /* QuboCompiler.cpp */; };
		A2A39AB22B0425DB00BAFFEF /* QTfactories.cpp in Sources */ = {isa = PBXBuildFile; fileRef = A2A39AB02B0425DB00BAFFEF /* QTfactories.cpp */; };
		A2A39ADF2B04266500BAFFEF /* Qcell.cpp in Sources */ = {isa = PBXBuildFile; fileRef = A2A39AB42B04266300BAFFEF /* Qcell.cpp */; };
		A2A39AE02B04266500BAFFEF /* Qbin.cpp in Sources */ = {isa = PBXBuildFile; fileRef = A2A39AB62B04266300BAFFEF /* Qbin.cpp */; };
		A2A39AE12B04266500BAFFEF /* Qbool.cpp in Sources */ = {isa = PBXBuildFile; fileRef = A2A39AB92B04266300BAFFEF /* Qbool.cpp */; };
		A2A39AE22B04266500BAFFEF /* Qbit.cpp in Sources */ = {isa = PBXBuildFile; fileRef = A2A39ABC2B04266300BAFFEF /* Qbit.cpp */; };
		A2A39AE32B04266500BAFFEF /* Qop.cpp in Sources */ = {isa = PBXBuildFile; fileRef = A2A39ABD2B04266300BAFFEF /* Qop.cpp */; };
		A2A39AE42B04266500BAFFEF /* Qassign.cpp in Sources */ = {isa = PBXBuildFile; fileRef = A2A39ABE2B04266300BAFFEF /* Qassign.cpp */; };
		A2A39AE52B04266500BAFFEF /* Qmultiply.cpp in Sources */ = {isa = PBXBuildFile; fileRef = A2A39AC42B04266300BAFFEF /* Qmultiply.cpp */; };
		A2A39AE62B04266500BAFFEF /* Qroutine.cpp in Sources */ = {isa = PBXBuildFile; fileRef = A2A39AC52B04266300BAFFEF /* Qroutine.cpp */; };
		A2A39AE72B04266500BAFFEF /* Qstatement.cpp in Sources */ = {isa = PBXBuildFile; fileRef = A2A39AC62B04266300BAFFEF /* Qstatement.cpp */; };
		A2A39AE82B04266500BAFFEF /* Qwhole.cpp in Sources */ = {isa = PBXBuildFile; fileRef = A2A39AC82B04266400BAFFEF /* Qwhole.cpp */; };
		A2A39AE92B04266500BAFFEF /* Qblock.cpp in Sources */ = {isa = PBXBuildFile; fileRef = A2A39ACC2B04266400BAFFEF /* Qblock.cpp */; };
		A2A39AEA2B04266500BAFFEF /* Qexpr.cpp in Sources */ = {isa = PBXBuildFile; fileRef = A2A39ACE2B04266400BAFFEF /* Qexpr.cpp */; };
		A2A39AEB2B04266500BAFFEF /* QderivedOps.cpp in Sources */ = {isa = PBXBuildFile; fileRef = A2A39AD02B04266400BAFFEF /* QderivedOps.cpp */; };
		A2A39AEC2B04266500BAFFEF /* Qglbls_fctrs.cpp in Sources */ = {isa = PBXBuildFile; fileRef = A2A39AD32B04266400BAFFEF /* Qglbls_fctrs.cpp */; };
		A2A39AED2B04266500BAFFEF /* Qnary.cpp in Sources */ = {isa = PBXBuildFile; fileRef = A2A39AD42B04266400BAFFEF /* Qnary.cpp */; };
		A2A39AEE2B04266500BAFFEF /* QcellOps.cpp in Sources */ = {isa = PBXBuildFile; fileRef = A2A39AD52B04266400BAFFEF /* QcellOps.cpp */; };
		A2A39AF02B04266500BAFFEF /* Qbinder.cpp in Sources */ = {isa = PBXBuildFile; fileRef = A2A39AD92B04266400BAFFEF /* Qbinder.cpp */; };
		A2A39AF12B04266500BAFFEF /* Qadd.cpp in Sources */ = {isa = PBXBuildFile; fileRef = A2A39ADA2B04266400BAFFEF /* Qadd.cpp */; };
		A2A39AF22B04266500BAFFEF /* Qint.cpp in Sources */ = {isa = PBXBuildFile; fileRef = A2A39ADC2B04266500BAFFEF /* Qint.cpp */; };
		A2A39AF32B04266500BAFFEF /* QnaryOp.cpp in Sources */ = {isa = PBXBuildFile; fileRef = A2A39ADD2B04266500BAFFEF /* QnaryOp.cpp */; };
		A2A39AFA2B0446D900BAFFEF /* Qevaluation.cpp in Sources */ = {isa = PBXBuildFile; fileRef = A2A39AF92B0446D900BAFFEF /* Qevaluation.cpp */; };
		A2A39AFD2B0555F800BAFFEF /* QuboAnalyzer.cpp in Sources */ = {isa = PBXBuildFile; fileRef = A2A39AFC2B0555F800BAFFEF /* QuboAnalyzer.cpp */; };
		A2A39B022B057E7700BAFFEF /* QtoString.cpp in Sources */ = {isa = PBXBuildFile; fileRef = A2A39B012B057E7700BAFFEF /* QtoString.cpp */; };
		A2A5355428C6C627002C4145 /* Logger.cpp in Sources */ = {isa = PBXBuildFile; fileRef = A2A5355028C6C627002C4145 /* Logger.cpp */; };
		A2A5357E28C6C686002C4145 /* D5QuboSolver.cpp in Sources */ = {isa = PBXBuildFile; fileRef = A2A5355628C6C685002C4145 /* D5QuboSolver.cpp */; };
		A2A5358328C6C686002C4145 /* Qubo.cpp in Sources */ = {isa = PBXBuildFile; fileRef = A2A5356028C6C685002C4145 /* Qubo.cpp */; };
		A2F3631D29567D9300BAB767 /* UTestQbool.cpp in Sources */ = {isa = PBXBuildFile; fileRef = A2F3631B29567D9300BAB767 /* UTestQbool.cpp */; };
		A2F363202957957800BAB767 /* UTestQbin.cpp in Sources */ = {isa = PBXBuildFile; fileRef = A2F3631E2957957800BAB767 /* UTestQbin.cpp */; };
/* End PBXBuildFile section */

/* Begin PBXCopyFilesBuildPhase section */
		A2A5354228C6C5E8002C4145 /* CopyFiles */ = {
			isa = PBXCopyFilesBuildPhase;
			buildActionMask = 2147483647;
			dstPath = /usr/share/man/man1/;
			dstSubfolderSpec = 0;
			files = (
			);
			runOnlyForDeploymentPostprocessing = 1;
		};
/* End PBXCopyFilesBuildPhase section */

/* Begin PBXFileReference section */
		A2044A572B10002700D7FDB0 /* QlogicCompiler.cpp */ = {isa = PBXFileReference; lastKnownFileType = sourcecode.cpp.cpp; name = QlogicCompiler.cpp; path = ../../dann5/source/QlogicCompiler.cpp; sourceTree = "<group>"; };
		A2044A5A2B10014400D7FDB0 /* QlogicCompiler.h */ = {isa = PBXFileReference; fileEncoding = 4; lastKnownFileType = sourcecode.c.h; name = QlogicCompiler.h; path = ../../dann5/include/QlogicCompiler.h; sourceTree = "<group>"; };
		A204977329494BE700F96DA4 /* UTestQbit.h */ = {isa = PBXFileReference; lastKnownFileType = sourcecode.c.h; name = UTestQbit.h; path = ../../UTestQbit.h; sourceTree = "<group>"; };
		A204977429494F1700F96DA4 /* UTestQbit.cpp */ = {isa = PBXFileReference; lastKnownFileType = sourcecode.cpp.cpp; name = UTestQbit.cpp; path = ../../UTestQbit.cpp; sourceTree = "<group>"; };
		A20507D82AFF060F00165038 /* Qsolver.h */ = {isa = PBXFileReference; fileEncoding = 4; lastKnownFileType = sourcecode.c.h; name = Qsolver.h; path = ../../dann5/include/Qsolver.h; sourceTree = "<group>"; };
		A218D4AB29DFA6BA0028F469 /* ULint.cpp */ = {isa = PBXFileReference; lastKnownFileType = sourcecode.cpp.cpp; name = ULint.cpp; path = ../../dann5/source/ULint.cpp; sourceTree = "<group>"; };
		A218D4AD29DFA6F30028F469 /* ULint.h */ = {isa = PBXFileReference; lastKnownFileType = sourcecode.c.h; name = ULint.h; path = ../../dann5/include/ULint.h; sourceTree = "<group>"; };
		A220A7C22B1A62A700F9F545 /* Qfunc.cpp */ = {isa = PBXFileReference; lastKnownFileType = sourcecode.cpp.cpp; name = Qfunc.cpp; path = ../../dann5/source/Qfunc.cpp; sourceTree = "<group>"; };
		A220A7C62B1A633B00F9F545 /* Qfunc.h */ = {isa = PBXFileReference; fileEncoding = 4; lastKnownFileType = sourcecode.c.h; name = Qfunc.h; path = ../../dann5/include/Qfunc.h; sourceTree = "<group>"; };
		A24FBD8B28C6D72F00E83138 /* d5o_ta.cpp */ = {isa = PBXFileReference; fileEncoding = 4; lastKnownFileType = sourcecode.cpp.cpp; name = d5o_ta.cpp; path = ../../d5o_ta.cpp; sourceTree = "<group>"; };
		A260C09E2B0D220900B46F43 /* QnaryOps.cpp */ = {isa = PBXFileReference; lastKnownFileType = sourcecode.cpp.cpp; name = QnaryOps.cpp; path = ../../dann5/source/QnaryOps.cpp; sourceTree = "<group>"; };
		A282C2FE2AC7718A00AA4B98 /* UTestULint.cpp */ = {isa = PBXFileReference; lastKnownFileType = sourcecode.cpp.cpp; name = UTestULint.cpp; path = ../../UTestULint.cpp; sourceTree = "<group>"; };
		A282C2FF2AC7718A00AA4B98 /* UTestULint.hpp */ = {isa = PBXFileReference; lastKnownFileType = sourcecode.cpp.h; name = UTestULint.hpp; path = ../../UTestULint.hpp; sourceTree = "<group>"; };
		A282C3012AC7742600AA4B98 /* PNGen.cpp */ = {isa = PBXFileReference; fileEncoding = 4; lastKnownFileType = sourcecode.cpp.cpp; name = PNGen.cpp; path = ../../PNGen.cpp; sourceTree = "<group>"; };
		A282C3022AC7742600AA4B98 /* UTestQwhole.cpp */ = {isa = PBXFileReference; fileEncoding = 4; lastKnownFileType = sourcecode.cpp.cpp; name = UTestQwhole.cpp; path = ../../UTestQwhole.cpp; sourceTree = "<group>"; };
		A282C3032AC7742600AA4B98 /* UTestQwhole.hpp */ = {isa = PBXFileReference; fileEncoding = 4; lastKnownFileType = sourcecode.cpp.h; name = UTestQwhole.hpp; path = ../../UTestQwhole.hpp; sourceTree = "<group>"; };
		A282C3042AC7742600AA4B98 /* PNGen.h */ = {isa = PBXFileReference; fileEncoding = 4; lastKnownFileType = sourcecode.c.h; name = PNGen.h; path = ../../PNGen.h; sourceTree = "<group>"; };
		A2A39AAE2B0425DB00BAFFEF /* QuboCompiler.cpp */ = {isa = PBXFileReference; fileEncoding = 4; lastKnownFileType = sourcecode.cpp.cpp; name = QuboCompiler.cpp; path = ../../dann5/ocean/source/QuboCompiler.cpp; sourceTree = "<group>"; };
		A2A39AAF2B0425DB00BAFFEF /* QuboCompiler.h */ = {isa = PBXFileReference; fileEncoding = 4; lastKnownFileType = sourcecode.c.h; name = QuboCompiler.h; path = ../../dann5/ocean/include/QuboCompiler.h; sourceTree = "<group>"; };
		A2A39AB02B0425DB00BAFFEF /* QTfactories.cpp */ = {isa = PBXFileReference; fileEncoding = 4; lastKnownFileType = sourcecode.cpp.cpp; name = QTfactories.cpp; path = ../../dann5/ocean/source/QTfactories.cpp; sourceTree = "<group>"; };
		A2A39AB32B04266200BAFFEF /* Qroutine.h */ = {isa = PBXFileReference; fileEncoding = 4; lastKnownFileType = sourcecode.c.h; name = Qroutine.h; path = ../../dann5/include/Qroutine.h; sourceTree = "<group>"; };
		A2A39AB42B04266300BAFFEF /* Qcell.cpp */ = {isa = PBXFileReference; fileEncoding = 4; lastKnownFileType = sourcecode.cpp.cpp; name = Qcell.cpp; path = ../../dann5/source/Qcell.cpp; sourceTree = "<group>"; };
		A2A39AB52B04266300BAFFEF /* Qassign.h */ = {isa = PBXFileReference; fileEncoding = 4; lastKnownFileType = sourcecode.c.h; name = Qassign.h; path = ../../dann5/include/Qassign.h; sourceTree = "<group>"; };
		A2A39AB62B04266300BAFFEF /* Qbin.cpp */ = {isa = PBXFileReference; fileEncoding = 4; lastKnownFileType = sourcecode.cpp.cpp; name = Qbin.cpp; path = ../../dann5/source/Qbin.cpp; sourceTree = "<group>"; };
		A2A39AB72B04266300BAFFEF /* Qadd.h */ = {isa = PBXFileReference; fileEncoding = 4; lastKnownFileType = sourcecode.c.h; name = Qadd.h; path = ../../dann5/include/Qadd.h; sourceTree = "<group>"; };
		A2A39AB82B04266300BAFFEF /* Qmultiply.h */ = {isa = PBXFileReference; fileEncoding = 4; lastKnownFileType = sourcecode.c.h; name = Qmultiply.h; path = ../../dann5/include/Qmultiply.h; sourceTree = "<group>"; };
		A2A39AB92B04266300BAFFEF /* Qbool.cpp */ = {isa = PBXFileReference; fileEncoding = 4; lastKnownFileType = sourcecode.cpp.cpp; name = Qbool.cpp; path = ../../dann5/source/Qbool.cpp; sourceTree = "<group>"; };
		A2A39ABA2B04266300BAFFEF /* Qdef.h */ = {isa = PBXFileReference; fileEncoding = 4; lastKnownFileType = sourcecode.c.h; name = Qdef.h; path = ../../dann5/include/Qdef.h; sourceTree = "<group>"; };
		A2A39ABB2B04266300BAFFEF /* Qnary.h */ = {isa = PBXFileReference; fileEncoding = 4; lastKnownFileType = sourcecode.c.h; name = Qnary.h; path = ../../dann5/include/Qnary.h; sourceTree = "<group>"; };
		A2A39ABC2B04266300BAFFEF /* Qbit.cpp */ = {isa = PBXFileReference; fileEncoding = 4; lastKnownFileType = sourcecode.cpp.cpp; name = Qbit.cpp; path = ../../dann5/source/Qbit.cpp; sourceTree = "<group>"; };
		A2A39ABD2B04266300BAFFEF /* Qop.cpp */ = {isa = PBXFileReference; fileEncoding = 4; lastKnownFileType = sourcecode.cpp.cpp; name = Qop.cpp; path = ../../dann5/source/Qop.cpp; sourceTree = "<group>"; };
		A2A39ABE2B04266300BAFFEF /* Qassign.cpp */ = {isa = PBXFileReference; fileEncoding = 4; lastKnownFileType = sourcecode.cpp.cpp; name = Qassign.cpp; path = ../../dann5/source/Qassign.cpp; sourceTree = "<group>"; };
		A2A39ABF2B04266300BAFFEF /* Qop.h */ = {isa = PBXFileReference; fileEncoding = 4; lastKnownFileType = sourcecode.c.h; name = Qop.h; path = ../../dann5/include/Qop.h; sourceTree = "<group>"; };
		A2A39AC02B04266300BAFFEF /* Qbin.h */ = {isa = PBXFileReference; fileEncoding = 4; lastKnownFileType = sourcecode.c.h; name = Qbin.h; path = ../../dann5/include/Qbin.h; sourceTree = "<group>"; };
		A2A39AC12B04266300BAFFEF /* Qblock.h */ = {isa = PBXFileReference; fileEncoding = 4; lastKnownFileType = sourcecode.c.h; name = Qblock.h; path = ../../dann5/include/Qblock.h; sourceTree = "<group>"; };
		A2A39AC22B04266300BAFFEF /* Qcell.h */ = {isa = PBXFileReference; fileEncoding = 4; lastKnownFileType = sourcecode.c.h; name = Qcell.h; path = ../../dann5/include/Qcell.h; sourceTree = "<group>"; };
		A2A39AC32B04266300BAFFEF /* Qbool.h */ = {isa = PBXFileReference; fileEncoding = 4; lastKnownFileType = sourcecode.c.h; name = Qbool.h; path = ../../dann5/include/Qbool.h; sourceTree = "<group>"; };
		A2A39AC42B04266300BAFFEF /* Qmultiply.cpp */ = {isa = PBXFileReference; fileEncoding = 4; lastKnownFileType = sourcecode.cpp.cpp; name = Qmultiply.cpp; path = ../../dann5/source/Qmultiply.cpp; sourceTree = "<group>"; };
		A2A39AC52B04266300BAFFEF /* Qroutine.cpp */ = {isa = PBXFileReference; fileEncoding = 4; lastKnownFileType = sourcecode.cpp.cpp; name = Qroutine.cpp; path = ../../dann5/source/Qroutine.cpp; sourceTree = "<group>"; };
		A2A39AC62B04266300BAFFEF /* Qstatement.cpp */ = {isa = PBXFileReference; fileEncoding = 4; lastKnownFileType = sourcecode.cpp.cpp; name = Qstatement.cpp; path = ../../dann5/source/Qstatement.cpp; sourceTree = "<group>"; };
		A2A39AC72B04266300BAFFEF /* Qvalue.h */ = {isa = PBXFileReference; fileEncoding = 4; lastKnownFileType = sourcecode.c.h; name = Qvalue.h; path = ../../dann5/include/Qvalue.h; sourceTree = "<group>"; };
		A2A39AC82B04266400BAFFEF /* Qwhole.cpp */ = {isa = PBXFileReference; fileEncoding = 4; lastKnownFileType = sourcecode.cpp.cpp; name = Qwhole.cpp; path = ../../dann5/source/Qwhole.cpp; sourceTree = "<group>"; };
		A2A39AC92B04266400BAFFEF /* Qwhole.h */ = {isa = PBXFileReference; fileEncoding = 4; lastKnownFileType = sourcecode.c.h; name = Qwhole.h; path = ../../dann5/include/Qwhole.h; sourceTree = "<group>"; };
		A2A39ACA2B04266400BAFFEF /* Qcompiler.h */ = {isa = PBXFileReference; fileEncoding = 4; lastKnownFileType = sourcecode.c.h; name = Qcompiler.h; path = ../../dann5/include/Qcompiler.h; sourceTree = "<group>"; };
		A2A39ACB2B04266400BAFFEF /* Qbinder.h */ = {isa = PBXFileReference; fileEncoding = 4; lastKnownFileType = sourcecode.c.h; name = Qbinder.h; path = ../../dann5/include/Qbinder.h; sourceTree = "<group>"; };
		A2A39ACC2B04266400BAFFEF /* Qblock.cpp */ = {isa = PBXFileReference; fileEncoding = 4; lastKnownFileType = sourcecode.cpp.cpp; name = Qblock.cpp; path = ../../dann5/source/Qblock.cpp; sourceTree = "<group>"; };
		A2A39ACD2B04266400BAFFEF /* Qbit.h */ = {isa = PBXFileReference; fileEncoding = 4; lastKnownFileType = sourcecode.c.h; name = Qbit.h; path = ../../dann5/include/Qbit.h; sourceTree = "<group>"; };
		A2A39ACE2B04266400BAFFEF /* Qexpr.cpp */ = {isa = PBXFileReference; fileEncoding = 4; lastKnownFileType = sourcecode.cpp.cpp; name = Qexpr.cpp; path = ../../dann5/source/Qexpr.cpp; sourceTree = "<group>"; };
		A2A39ACF2B04266400BAFFEF /* QcellOps.h */ = {isa = PBXFileReference; fileEncoding = 4; lastKnownFileType = sourcecode.c.h; name = QcellOps.h; path = ../../dann5/include/QcellOps.h; sourceTree = "<group>"; };
		A2A39AD02B04266400BAFFEF /* QderivedOps.cpp */ = {isa = PBXFileReference; fileEncoding = 4; lastKnownFileType = sourcecode.cpp.cpp; name = QderivedOps.cpp; path = ../../dann5/source/QderivedOps.cpp; sourceTree = "<group>"; };
		A2A39AD12B04266400BAFFEF /* Qexpr.h */ = {isa = PBXFileReference; fileEncoding = 4; lastKnownFileType = sourcecode.c.h; name = Qexpr.h; path = ../../dann5/include/Qexpr.h; sourceTree = "<group>"; };
		A2A39AD22B04266400BAFFEF /* QnaryOp.h */ = {isa = PBXFileReference; fileEncoding = 4; lastKnownFileType = sourcecode.c.h; name = QnaryOp.h; path = ../../dann5/include/QnaryOp.h; sourceTree = "<group>"; };
		A2A39AD32B04266400BAFFEF /* Qglbls_fctrs.cpp */ = {isa = PBXFileReference; fileEncoding = 4; lastKnownFileType = sourcecode.cpp.cpp; name = Qglbls_fctrs.cpp; path = ../../dann5/source/Qglbls_fctrs.cpp; sourceTree = "<group>"; };
		A2A39AD42B04266400BAFFEF /* Qnary.cpp */ = {isa = PBXFileReference; fileEncoding = 4; lastKnownFileType = sourcecode.cpp.cpp; name = Qnary.cpp; path = ../../dann5/source/Qnary.cpp; sourceTree = "<group>"; };
		A2A39AD52B04266400BAFFEF /* QcellOps.cpp */ = {isa = PBXFileReference; fileEncoding = 4; lastKnownFileType = sourcecode.cpp.cpp; name = QcellOps.cpp; path = ../../dann5/source/QcellOps.cpp; sourceTree = "<group>"; };
		A2A39AD72B04266400BAFFEF /* Qint.h */ = {isa = PBXFileReference; fileEncoding = 4; lastKnownFileType = sourcecode.c.h; name = Qint.h; path = ../../dann5/include/Qint.h; sourceTree = "<group>"; };
		A2A39AD82B04266400BAFFEF /* QderivedOps.h */ = {isa = PBXFileReference; fileEncoding = 4; lastKnownFileType = sourcecode.c.h; name = QderivedOps.h; path = ../../dann5/include/QderivedOps.h; sourceTree = "<group>"; };
		A2A39AD92B04266400BAFFEF /* Qbinder.cpp */ = {isa = PBXFileReference; fileEncoding = 4; lastKnownFileType = sourcecode.cpp.cpp; name = Qbinder.cpp; path = ../../dann5/source/Qbinder.cpp; sourceTree = "<group>"; };
		A2A39ADA2B04266400BAFFEF /* Qadd.cpp */ = {isa = PBXFileReference; fileEncoding = 4; lastKnownFileType = sourcecode.cpp.cpp; name = Qadd.cpp; path = ../../dann5/source/Qadd.cpp; sourceTree = "<group>"; };
		A2A39ADB2B04266500BAFFEF /* Qtype.h */ = {isa = PBXFileReference; fileEncoding = 4; lastKnownFileType = sourcecode.c.h; name = Qtype.h; path = ../../dann5/include/Qtype.h; sourceTree = "<group>"; };
		A2A39ADC2B04266500BAFFEF /* Qint.cpp */ = {isa = PBXFileReference; fileEncoding = 4; lastKnownFileType = sourcecode.cpp.cpp; name = Qint.cpp; path = ../../dann5/source/Qint.cpp; sourceTree = "<group>"; };
		A2A39ADD2B04266500BAFFEF /* QnaryOp.cpp */ = {isa = PBXFileReference; fileEncoding = 4; lastKnownFileType = sourcecode.cpp.cpp; name = QnaryOp.cpp; path = ../../dann5/source/QnaryOp.cpp; sourceTree = "<group>"; };
		A2A39ADE2B04266500BAFFEF /* Qstatement.h */ = {isa = PBXFileReference; fileEncoding = 4; lastKnownFileType = sourcecode.c.h; name = Qstatement.h; path = ../../dann5/include/Qstatement.h; sourceTree = "<group>"; };
		A2A39AF82B0446D900BAFFEF /* Qevaluation.h */ = {isa = PBXFileReference; fileEncoding = 4; lastKnownFileType = sourcecode.c.h; name = Qevaluation.h; path = ../../dann5/include/Qevaluation.h; sourceTree = "<group>"; };
		A2A39AF92B0446D900BAFFEF /* Qevaluation.cpp */ = {isa = PBXFileReference; fileEncoding = 4; lastKnownFileType = sourcecode.cpp.cpp; name = Qevaluation.cpp; path = ../../dann5/source/Qevaluation.cpp; sourceTree = "<group>"; };
		A2A39AFB2B0555F800BAFFEF /* QuboAnalyzer.h */ = {isa = PBXFileReference; fileEncoding = 4; lastKnownFileType = sourcecode.c.h; name = QuboAnalyzer.h; path = ../../dann5/ocean/include/QuboAnalyzer.h; sourceTree = "<group>"; };
		A2A39AFC2B0555F800BAFFEF /* QuboAnalyzer.cpp */ = {isa = PBXFileReference; fileEncoding = 4; lastKnownFileType = sourcecode.cpp.cpp; name = QuboAnalyzer.cpp; path = ../../dann5/ocean/source/QuboAnalyzer.cpp; sourceTree = "<group>"; };
		A2A39AFF2B057E3900BAFFEF /* QtoString.hpp */ = {isa = PBXFileReference; lastKnownFileType = sourcecode.cpp.h; name = QtoString.hpp; path = ../../dann5/include/QtoString.hpp; sourceTree = "<group>"; };
		A2A39B012B057E7700BAFFEF /* QtoString.cpp */ = {isa = PBXFileReference; fileEncoding = 4; lastKnownFileType = sourcecode.cpp.cpp; name = QtoString.cpp; path = ../../dann5/source/QtoString.cpp; sourceTree = "<group>"; };
		A2A39B032B06E89200BAFFEF /* QnaryOps.h */ = {isa = PBXFileReference; lastKnownFileType = sourcecode.c.h; name = QnaryOps.h; path = ../../dann5/include/QnaryOps.h; sourceTree = "<group>"; };
		A2A5354428C6C5E8002C4145 /* d5o_ta_Xc */ = {isa = PBXFileReference; explicitFileType = "compiled.mach-o.executable"; includeInIndex = 0; path = d5o_ta_Xc; sourceTree = BUILT_PRODUCTS_DIR; };
		A2A5355028C6C627002C4145 /* Logger.cpp */ = {isa = PBXFileReference; fileEncoding = 4; lastKnownFileType = sourcecode.cpp.cpp; name = Logger.cpp; path = ../../dann5/source/Logger.cpp; sourceTree = "<group>"; };
		A2A5355128C6C627002C4145 /* Logger.h */ = {isa = PBXFileReference; fileEncoding = 4; lastKnownFileType = sourcecode.c.h; name = Logger.h; path = ../../dann5/include/Logger.h; sourceTree = "<group>"; };
		A2A5355228C6C627002C4145 /* Factory.h */ = {isa = PBXFileReference; fileEncoding = 4; lastKnownFileType = sourcecode.c.h; name = Factory.h; path = ../../dann5/include/Factory.h; sourceTree = "<group>"; };
		A2A5355328C6C627002C4145 /* Utility.h */ = {isa = PBXFileReference; fileEncoding = 4; lastKnownFileType = sourcecode.c.h; name = Utility.h; path = ../../dann5/include/Utility.h; sourceTree = "<group>"; };
		A2A5355628C6C685002C4145 /* D5QuboSolver.cpp */ = {isa = PBXFileReference; fileEncoding = 4; lastKnownFileType = sourcecode.cpp.cpp; name = D5QuboSolver.cpp; path = ../../dann5/ocean/source/D5QuboSolver.cpp; sourceTree = "<group>"; };
		A2A5356028C6C685002C4145 /* Qubo.cpp */ = {isa = PBXFileReference; fileEncoding = 4; lastKnownFileType = sourcecode.cpp.cpp; name = Qubo.cpp; path = ../../dann5/ocean/source/Qubo.cpp; sourceTree = "<group>"; };
		A2A5356828C6C685002C4145 /* D5QuboSolver.h */ = {isa = PBXFileReference; fileEncoding = 4; lastKnownFileType = sourcecode.c.h; name = D5QuboSolver.h; path = ../../dann5/ocean/include/D5QuboSolver.h; sourceTree = "<group>"; };
		A2A5357828C6C686002C4145 /* Qubo.h */ = {isa = PBXFileReference; fileEncoding = 4; lastKnownFileType = sourcecode.c.h; name = Qubo.h; path = ../../dann5/ocean/include/Qubo.h; sourceTree = "<group>"; };
		A2F3631B29567D9300BAB767 /* UTestQbool.cpp */ = {isa = PBXFileReference; lastKnownFileType = sourcecode.cpp.cpp; name = UTestQbool.cpp; path = ../../UTestQbool.cpp; sourceTree = "<group>"; };
		A2F3631C29567D9300BAB767 /* UTestQbool.hpp */ = {isa = PBXFileReference; lastKnownFileType = sourcecode.cpp.h; name = UTestQbool.hpp; path = ../../UTestQbool.hpp; sourceTree = "<group>"; };
		A2F3631E2957957800BAB767 /* UTestQbin.cpp */ = {isa = PBXFileReference; lastKnownFileType = sourcecode.cpp.cpp; name = UTestQbin.cpp; path = ../../UTestQbin.cpp; sourceTree = "<group>"; };
		A2F3631F2957957800BAB767 /* UTestQbin.hpp */ = {isa = PBXFileReference; lastKnownFileType = sourcecode.cpp.h; name = UTestQbin.hpp; path = ../../UTestQbin.hpp; sourceTree = "<group>"; };
/* End PBXFileReference section */

/* Begin PBXFrameworksBuildPhase section */
		A2A5354128C6C5E8002C4145 /* Frameworks */ = {
			isa = PBXFrameworksBuildPhase;
			buildActionMask = 2147483647;
			files = (
			);
			runOnlyForDeploymentPostprocessing = 0;
		};
/* End PBXFrameworksBuildPhase section */

/* Begin PBXGroup section */
		A2A5353B28C6C5E8002C4145 = {
			isa = PBXGroup;
			children = (
				A2A5354E28C6C5F3002C4145 /* dann5.ocean */,
				A2A5354F28C6C5FE002C4145 /* dann5 */,
				A2A5354628C6C5E8002C4145 /* d5o_ta_Xc */,
				A2A5354528C6C5E8002C4145 /* Products */,
			);
			sourceTree = "<group>";
		};
		A2A5354528C6C5E8002C4145 /* Products */ = {
			isa = PBXGroup;
			children = (
				A2A5354428C6C5E8002C4145 /* d5o_ta_Xc */,
			);
			name = Products;
			sourceTree = "<group>";
		};
		A2A5354628C6C5E8002C4145 /* d5o_ta_Xc */ = {
			isa = PBXGroup;
			children = (
				A24FBD8B28C6D72F00E83138 /* d5o_ta.cpp */,
				A282C3012AC7742600AA4B98 /* PNGen.cpp */,
				A282C3042AC7742600AA4B98 /* PNGen.h */,
				A204977429494F1700F96DA4 /* UTestQbit.cpp */,
				A204977329494BE700F96DA4 /* UTestQbit.h */,
				A2F3631E2957957800BAB767 /* UTestQbin.cpp */,
				A2F3631F2957957800BAB767 /* UTestQbin.hpp */,
				A2F3631B29567D9300BAB767 /* UTestQbool.cpp */,
				A2F3631C29567D9300BAB767 /* UTestQbool.hpp */,
				A282C3022AC7742600AA4B98 /* UTestQwhole.cpp */,
				A282C3032AC7742600AA4B98 /* UTestQwhole.hpp */,
				A282C2FE2AC7718A00AA4B98 /* UTestULint.cpp */,
				A282C2FF2AC7718A00AA4B98 /* UTestULint.hpp */,
			);
			path = d5o_ta_Xc;
			sourceTree = "<group>";
		};
		A2A5354E28C6C5F3002C4145 /* dann5.ocean */ = {
			isa = PBXGroup;
			children = (
				A2A5355628C6C685002C4145 /* D5QuboSolver.cpp */,
				A2A5356828C6C685002C4145 /* D5QuboSolver.h */,
				A2A39AB02B0425DB00BAFFEF /* QTfactories.cpp */,
				A2A5356028C6C685002C4145 /* Qubo.cpp */,
				A2A5357828C6C686002C4145 /* Qubo.h */,
				A2A39AFC2B0555F800BAFFEF /* QuboAnalyzer.cpp */,
				A2A39AFB2B0555F800BAFFEF /* QuboAnalyzer.h */,
				A2A39AAE2B0425DB00BAFFEF /* QuboCompiler.cpp */,
				A2A39AAF2B0425DB00BAFFEF /* QuboCompiler.h */,
			);
			name = dann5.ocean;
			sourceTree = "<group>";
		};
		A2A5354F28C6C5FE002C4145 /* dann5 */ = {
			isa = PBXGroup;
			children = (
				A2A5355228C6C627002C4145 /* Factory.h */,
				A2A5355028C6C627002C4145 /* Logger.cpp */,
				A2A5355128C6C627002C4145 /* Logger.h */,
				A2A39ADA2B04266400BAFFEF /* Qadd.cpp */,
				A2A39AB72B04266300BAFFEF /* Qadd.h */,
				A2A39ABE2B04266300BAFFEF /* Qassign.cpp */,
				A2A39AB52B04266300BAFFEF /* Qassign.h */,
				A2A39AB62B04266300BAFFEF /* Qbin.cpp */,
				A2A39AC02B04266300BAFFEF /* Qbin.h */,
				A2A39AD92B04266400BAFFEF /* Qbinder.cpp */,
				A2A39ACB2B04266400BAFFEF /* Qbinder.h */,
				A2A39ABC2B04266300BAFFEF /* Qbit.cpp */,
				A2A39ACD2B04266400BAFFEF /* Qbit.h */,
				A2A39ACC2B04266400BAFFEF /* Qblock.cpp */,
				A2A39AC12B04266300BAFFEF /* Qblock.h */,
				A2A39AB92B04266300BAFFEF /* Qbool.cpp */,
				A2A39AC32B04266300BAFFEF /* Qbool.h */,
				A2A39AB42B04266300BAFFEF /* Qcell.cpp */,
				A2A39AC22B04266300BAFFEF /* Qcell.h */,
				A2A39AD52B04266400BAFFEF /* QcellOps.cpp */,
				A2A39ACF2B04266400BAFFEF /* QcellOps.h */,
				A2A39ACA2B04266400BAFFEF /* Qcompiler.h */,
				A2A39ABA2B04266300BAFFEF /* Qdef.h */,
				A2A39AD02B04266400BAFFEF /* QderivedOps.cpp */,
				A2A39AD82B04266400BAFFEF /* QderivedOps.h */,
				A2A39AF92B0446D900BAFFEF /* Qevaluation.cpp */,
				A2A39AF82B0446D900BAFFEF /* Qevaluation.h */,
				A2A39ACE2B04266400BAFFEF /* Qexpr.cpp */,
				A2A39AD12B04266400BAFFEF /* Qexpr.h */,
				A220A7C22B1A62A700F9F545 /* Qfunc.cpp */,
				A220A7C62B1A633B00F9F545 /* Qfunc.h */,
				A2A39AD32B04266400BAFFEF /* Qglbls_fctrs.cpp */,
				A2A39ADC2B04266500BAFFEF /* Qint.cpp */,
				A2A39AD72B04266400BAFFEF /* Qint.h */,
				A2044A572B10002700D7FDB0 /* QlogicCompiler.cpp */,
				A2044A5A2B10014400D7FDB0 /* QlogicCompiler.h */,
				A2A39AC42B04266300BAFFEF /* Qmultiply.cpp */,
				A2A39AB82B04266300BAFFEF /* Qmultiply.h */,
				A2A39AD42B04266400BAFFEF /* Qnary.cpp */,
				A2A39ABB2B04266300BAFFEF /* Qnary.h */,
				A2A39ADD2B04266500BAFFEF /* QnaryOp.cpp */,
				A2A39AD22B04266400BAFFEF /* QnaryOp.h */,
				A260C09E2B0D220900B46F43 /* QnaryOps.cpp */,
				A2A39B032B06E89200BAFFEF /* QnaryOps.h */,
				A2A39ABD2B04266300BAFFEF /* Qop.cpp */,
				A2A39ABF2B04266300BAFFEF /* Qop.h */,
				A2A39AC52B04266300BAFFEF /* Qroutine.cpp */,
				A2A39AB32B04266200BAFFEF /* Qroutine.h */,
				A20507D82AFF060F00165038 /* Qsolver.h */,
				A2A39AC62B04266300BAFFEF /* Qstatement.cpp */,
				A2A39ADE2B04266500BAFFEF /* Qstatement.h */,
				A2A39B012B057E7700BAFFEF /* QtoString.cpp */,
				A2A39AFF2B057E3900BAFFEF /* QtoString.hpp */,
				A2A39ADB2B04266500BAFFEF /* Qtype.h */,
				A2A39AC72B04266300BAFFEF /* Qvalue.h */,
				A2A39AC82B04266400BAFFEF /* Qwhole.cpp */,
				A2A39AC92B04266400BAFFEF /* Qwhole.h */,
				A2A5355328C6C627002C4145 /* Utility.h */,
				A218D4AB29DFA6BA0028F469 /* ULint.cpp */,
				A218D4AD29DFA6F30028F469 /* ULint.h */,
			);
			name = dann5;
			sourceTree = "<group>";
		};
/* End PBXGroup section */

/* Begin PBXNativeTarget section */
		A2A5354328C6C5E8002C4145 /* d5o_ta_Xc */ = {
			isa = PBXNativeTarget;
			buildConfigurationList = A2A5354B28C6C5E8002C4145 /* Build configuration list for PBXNativeTarget "d5o_ta_Xc" */;
			buildPhases = (
				A2A5354028C6C5E8002C4145 /* Sources */,
				A2A5354128C6C5E8002C4145 /* Frameworks */,
				A2A5354228C6C5E8002C4145 /* CopyFiles */,
			);
			buildRules = (
			);
			dependencies = (
			);
			name = d5o_ta_Xc;
			productName = d5o_ta_Xc;
			productReference = A2A5354428C6C5E8002C4145 /* d5o_ta_Xc */;
			productType = "com.apple.product-type.tool";
		};
/* End PBXNativeTarget section */

/* Begin PBXProject section */
		A2A5353C28C6C5E8002C4145 /* Project object */ = {
			isa = PBXProject;
			attributes = {
				BuildIndependentTargetsInParallel = 1;
				LastUpgradeCheck = 1420;
				TargetAttributes = {
					A2A5354328C6C5E8002C4145 = {
						CreatedOnToolsVersion = 13.4.1;
					};
				};
			};
			buildConfigurationList = A2A5353F28C6C5E8002C4145 /* Build configuration list for PBXProject "d5o_ta_Xc" */;
			compatibilityVersion = "Xcode 13.0";
			developmentRegion = en;
			hasScannedForEncodings = 0;
			knownRegions = (
				en,
				Base,
			);
			mainGroup = A2A5353B28C6C5E8002C4145;
			productRefGroup = A2A5354528C6C5E8002C4145 /* Products */;
			projectDirPath = "";
			projectRoot = "";
			targets = (
				A2A5354328C6C5E8002C4145 /* d5o_ta_Xc */,
			);
		};
/* End PBXProject section */

/* Begin PBXSourcesBuildPhase section */
		A2A5354028C6C5E8002C4145 /* Sources */ = {
			isa = PBXSourcesBuildPhase;
			buildActionMask = 2147483647;
			files = (
				A2A39B022B057E7700BAFFEF /* QtoString.cpp in Sources */,
				A2A39AEA2B04266500BAFFEF /* Qexpr.cpp in Sources */,
				A2A39AF02B04266500BAFFEF /* Qbinder.cpp in Sources */,
				A2A39AFA2B0446D900BAFFEF /* Qevaluation.cpp in Sources */,
				A2A39AB12B0425DB00BAFFEF /* QuboCompiler.cpp in Sources */,
				A2A39AE32B04266500BAFFEF /* Qop.cpp in Sources */,
				A2A39AE62B04266500BAFFEF /* Qroutine.cpp in Sources */,
				A2F3631D29567D9300BAB767 /* UTestQbool.cpp in Sources */,
				A2A39AEE2B04266500BAFFEF /* QcellOps.cpp in Sources */,
				A2A39AE12B04266500BAFFEF /* Qbool.cpp in Sources */,
				A260C09F2B0D220900B46F43 /* QnaryOps.cpp in Sources */,
				A2A39AFD2B0555F800BAFFEF /* QuboAnalyzer.cpp in Sources */,
				A2A39AE72B04266500BAFFEF /* Qstatement.cpp in Sources */,
				A2A39AE02B04266500BAFFEF /* Qbin.cpp in Sources */,
				A24FBD8C28C6D72F00E83138 /* d5o_ta.cpp in Sources */,
				A2A39AF22B04266500BAFFEF /* Qint.cpp in Sources */,
				A282C3062AC7742700AA4B98 /* UTestQwhole.cpp in Sources */,
				A2A39AF32B04266500BAFFEF /* QnaryOp.cpp in Sources */,
				A2F363202957957800BAB767 /* UTestQbin.cpp in Sources */,
				A2044A592B10002700D7FDB0 /* QlogicCompiler.cpp in Sources */,
				A2A39AF12B04266500BAFFEF /* Qadd.cpp in Sources */,
				A2A39AEB2B04266500BAFFEF /* QderivedOps.cpp in Sources */,
				A2A39AE82B04266500BAFFEF /* Qwhole.cpp in Sources */,
				A2A39AE92B04266500BAFFEF /* Qblock.cpp in Sources */,
				A2A39AED2B04266500BAFFEF /* Qnary.cpp in Sources */,
				A2A39AE52B04266500BAFFEF /* Qmultiply.cpp in Sources */,
				A2A5358328C6C686002C4145 /* Qubo.cpp in Sources */,
				A2A39AE22B04266500BAFFEF /* Qbit.cpp in Sources */,
				A220A7C42B1A62A800F9F545 /* Qfunc.cpp in Sources */,
				A218D4AC29DFA6BA0028F469 /* ULint.cpp in Sources */,
				A282C3002AC7718A00AA4B98 /* UTestULint.cpp in Sources */,
				A2A5357E28C6C686002C4145 /* D5QuboSolver.cpp in Sources */,
				A2A39ADF2B04266500BAFFEF /* Qcell.cpp in Sources */,
				A204977529494F1700F96DA4 /* UTestQbit.cpp in Sources */,
				A2A39AEC2B04266500BAFFEF /* Qglbls_fctrs.cpp in Sources */,
				A282C3052AC7742700AA4B98 /* PNGen.cpp in Sources */,
				A2A5355428C6C627002C4145 /* Logger.cpp in Sources */,
				A2A39AE42B04266500BAFFEF /* Qassign.cpp in Sources */,
				A2A39AB22B0425DB00BAFFEF /* QTfactories.cpp in Sources */,
			);
			runOnlyForDeploymentPostprocessing = 0;
		};
/* End PBXSourcesBuildPhase section */

/* Begin XCBuildConfiguration section */
		A2A5354928C6C5E8002C4145 /* Debug */ = {
			isa = XCBuildConfiguration;
			buildSettings = {
				ALWAYS_SEARCH_USER_PATHS = NO;
				CLANG_ANALYZER_NONNULL = YES;
				CLANG_ANALYZER_NUMBER_OBJECT_CONVERSION = YES_AGGRESSIVE;
				CLANG_CXX_LANGUAGE_STANDARD = "gnu++17";
				CLANG_ENABLE_MODULES = YES;
				CLANG_ENABLE_OBJC_ARC = YES;
				CLANG_ENABLE_OBJC_WEAK = YES;
				CLANG_WARN_BLOCK_CAPTURE_AUTORELEASING = YES;
				CLANG_WARN_BOOL_CONVERSION = YES;
				CLANG_WARN_COMMA = YES;
				CLANG_WARN_CONSTANT_CONVERSION = YES;
				CLANG_WARN_DEPRECATED_OBJC_IMPLEMENTATIONS = YES;
				CLANG_WARN_DIRECT_OBJC_ISA_USAGE = YES_ERROR;
				CLANG_WARN_DOCUMENTATION_COMMENTS = YES;
				CLANG_WARN_EMPTY_BODY = YES;
				CLANG_WARN_ENUM_CONVERSION = YES;
				CLANG_WARN_INFINITE_RECURSION = YES;
				CLANG_WARN_INT_CONVERSION = YES;
				CLANG_WARN_NON_LITERAL_NULL_CONVERSION = YES;
				CLANG_WARN_OBJC_IMPLICIT_RETAIN_SELF = YES;
				CLANG_WARN_OBJC_LITERAL_CONVERSION = YES;
				CLANG_WARN_OBJC_ROOT_CLASS = YES_ERROR;
				CLANG_WARN_QUOTED_INCLUDE_IN_FRAMEWORK_HEADER = YES;
				CLANG_WARN_RANGE_LOOP_ANALYSIS = YES;
				CLANG_WARN_STRICT_PROTOTYPES = YES;
				CLANG_WARN_SUSPICIOUS_MOVE = YES;
				CLANG_WARN_UNGUARDED_AVAILABILITY = YES_AGGRESSIVE;
				CLANG_WARN_UNREACHABLE_CODE = YES;
				CLANG_WARN__DUPLICATE_METHOD_MATCH = YES;
				COPY_PHASE_STRIP = NO;
				DEBUG_INFORMATION_FORMAT = dwarf;
				ENABLE_STRICT_OBJC_MSGSEND = YES;
				ENABLE_TESTABILITY = YES;
				GCC_C_LANGUAGE_STANDARD = gnu11;
				GCC_DYNAMIC_NO_PIC = NO;
				GCC_NO_COMMON_BLOCKS = YES;
				GCC_OPTIMIZATION_LEVEL = 0;
				GCC_PREPROCESSOR_DEFINITIONS = (
					"DEBUG=1",
					"$(inherited)",
				);
				GCC_WARN_64_TO_32_BIT_CONVERSION = YES;
				GCC_WARN_ABOUT_RETURN_TYPE = YES_ERROR;
				GCC_WARN_UNDECLARED_SELECTOR = YES;
				GCC_WARN_UNINITIALIZED_AUTOS = YES_AGGRESSIVE;
				GCC_WARN_UNUSED_FUNCTION = YES;
				GCC_WARN_UNUSED_VARIABLE = YES;
				MACOSX_DEPLOYMENT_TARGET = 12.3;
				MTL_ENABLE_DEBUG_INFO = INCLUDE_SOURCE;
				MTL_FAST_MATH = YES;
				ONLY_ACTIVE_ARCH = YES;
				SDKROOT = macosx;
			};
			name = Debug;
		};
		A2A5354A28C6C5E8002C4145 /* Release */ = {
			isa = XCBuildConfiguration;
			buildSettings = {
				ALWAYS_SEARCH_USER_PATHS = NO;
				CLANG_ANALYZER_NONNULL = YES;
				CLANG_ANALYZER_NUMBER_OBJECT_CONVERSION = YES_AGGRESSIVE;
				CLANG_CXX_LANGUAGE_STANDARD = "gnu++17";
				CLANG_ENABLE_MODULES = YES;
				CLANG_ENABLE_OBJC_ARC = YES;
				CLANG_ENABLE_OBJC_WEAK = YES;
				CLANG_WARN_BLOCK_CAPTURE_AUTORELEASING = YES;
				CLANG_WARN_BOOL_CONVERSION = YES;
				CLANG_WARN_COMMA = YES;
				CLANG_WARN_CONSTANT_CONVERSION = YES;
				CLANG_WARN_DEPRECATED_OBJC_IMPLEMENTATIONS = YES;
				CLANG_WARN_DIRECT_OBJC_ISA_USAGE = YES_ERROR;
				CLANG_WARN_DOCUMENTATION_COMMENTS = YES;
				CLANG_WARN_EMPTY_BODY = YES;
				CLANG_WARN_ENUM_CONVERSION = YES;
				CLANG_WARN_INFINITE_RECURSION = YES;
				CLANG_WARN_INT_CONVERSION = YES;
				CLANG_WARN_NON_LITERAL_NULL_CONVERSION = YES;
				CLANG_WARN_OBJC_IMPLICIT_RETAIN_SELF = YES;
				CLANG_WARN_OBJC_LITERAL_CONVERSION = YES;
				CLANG_WARN_OBJC_ROOT_CLASS = YES_ERROR;
				CLANG_WARN_QUOTED_INCLUDE_IN_FRAMEWORK_HEADER = YES;
				CLANG_WARN_RANGE_LOOP_ANALYSIS = YES;
				CLANG_WARN_STRICT_PROTOTYPES = YES;
				CLANG_WARN_SUSPICIOUS_MOVE = YES;
				CLANG_WARN_UNGUARDED_AVAILABILITY = YES_AGGRESSIVE;
				CLANG_WARN_UNREACHABLE_CODE = YES;
				CLANG_WARN__DUPLICATE_METHOD_MATCH = YES;
				COPY_PHASE_STRIP = NO;
				DEBUG_INFORMATION_FORMAT = "dwarf-with-dsym";
				ENABLE_NS_ASSERTIONS = NO;
				ENABLE_STRICT_OBJC_MSGSEND = YES;
				GCC_C_LANGUAGE_STANDARD = gnu11;
				GCC_NO_COMMON_BLOCKS = YES;
				GCC_WARN_64_TO_32_BIT_CONVERSION = YES;
				GCC_WARN_ABOUT_RETURN_TYPE = YES_ERROR;
				GCC_WARN_UNDECLARED_SELECTOR = YES;
				GCC_WARN_UNINITIALIZED_AUTOS = YES_AGGRESSIVE;
				GCC_WARN_UNUSED_FUNCTION = YES;
				GCC_WARN_UNUSED_VARIABLE = YES;
				MACOSX_DEPLOYMENT_TARGET = 12.3;
				MTL_ENABLE_DEBUG_INFO = NO;
				MTL_FAST_MATH = YES;
				SDKROOT = macosx;
			};
			name = Release;
		};
		A2A5354C28C6C5E8002C4145 /* Debug */ = {
			isa = XCBuildConfiguration;
			buildSettings = {
				CODE_SIGN_STYLE = Automatic;
				HEADER_SEARCH_PATHS = (
					"../../../eigen-master",
					/Library/Frameworks/Python.framework/Versions/3.10/include/python3.10,
					"$(HOME)/Envs/d5o/lib/python3.10/site-packages/pybind11/include",
					../../dann5/include,
					../../dann5/ocean/include,
				);
				LIBRARY_SEARCH_PATHS = /Library/Frameworks/Python.framework/Versions/3.10/lib;
				OTHER_LDFLAGS = (
					"-l",
					python3.10,
				);
				PRODUCT_NAME = "$(TARGET_NAME)";
			};
			name = Debug;
		};
		A2A5354D28C6C5E8002C4145 /* Release */ = {
			isa = XCBuildConfiguration;
			buildSettings = {
				CODE_SIGN_STYLE = Automatic;
				HEADER_SEARCH_PATHS = (
					"../../../eigen-master",
					/Library/Frameworks/Python.framework/Versions/3.10/include/python3.10,
					"$(HOME)/Envs/d5o/lib/python3.10/site-packages/pybind11/include",
					../../dann5/include,
					../../dann5/ocean/include,
				);
				LIBRARY_SEARCH_PATHS = /Library/Frameworks/Python.framework/Versions/3.10/lib;
				OTHER_LDFLAGS = (
					"-l",
					python3.10,
				);
				PRODUCT_NAME = "$(TARGET_NAME)";
			};
			name = Release;
		};
/* End XCBuildConfiguration section */

/* Begin XCConfigurationList section */
		A2A5353F28C6C5E8002C4145 /* Build configuration list for PBXProject "d5o_ta_Xc" */ = {
			isa = XCConfigurationList;
			buildConfigurations = (
				A2A5354928C6C5E8002C4145 /* Debug */,
				A2A5354A28C6C5E8002C4145 /* Release */,
			);
			defaultConfigurationIsVisible = 0;
			defaultConfigurationName = Release;
		};
		A2A5354B28C6C5E8002C4145 /* Build configuration list for PBXNativeTarget "d5o_ta_Xc" */ = {
			isa = XCConfigurationList;
			buildConfigurations = (
				A2A5354C28C6C5E8002C4145 /* Debug */,
				A2A5354D28C6C5E8002C4145 /* Release */,
			);
			defaultConfigurationIsVisible = 0;
			defaultConfigurationName = Release;
		};
/* End XCConfigurationList section */
	};
	rootObject = A2A5353C28C6C5E8002C4145 /* Project object */;
}
